
Microsoft Visual Studio Solution File, Format Version 12.00
# Visual Studio 14
VisualStudioVersion = 14.0.24720.0
MinimumVisualStudioVersion = 10.0.40219.1
Project("{FAE04EC0-301F-11D3-BF4B-00C04F79EFBC}") = "Sigma.Website", "Sigma.Website\Sigma.Website.csproj", "{0A0C8AAA-B50E-4959-8D81-5867D21385E3}"
EndProject
Project("{FAE04EC0-301F-11D3-BF4B-00C04F79EFBC}") = "Sigma.Website.Tests", "Sigma.Website.Tests\Sigma.Website.Tests.csproj", "{8942E80C-0A2F-4AF0-B73F-1E126BF394E1}"
EndProject
Global
	GlobalSection(SolutionConfigurationPlatforms) = preSolution
		Debug|Any CPU = Debug|Any CPU
		Release|Any CPU = Release|Any CPU
	EndGlobalSection
	GlobalSection(ProjectConfigurationPlatforms) = postSolution
		{0A0C8AAA-B50E-4959-8D81-5867D21385E3}.Debug|Any CPU.ActiveCfg = Debug|Any CPU
		{0A0C8AAA-B50E-4959-8D81-5867D21385E3}.Debug|Any CPU.Build.0 = Debug|Any CPU
		{0A0C8AAA-B50E-4959-8D81-5867D21385E3}.Release|Any CPU.ActiveCfg = Release|Any CPU
		{0A0C8AAA-B50E-4959-8D81-5867D21385E3}.Release|Any CPU.Build.0 = Release|Any CPU
		{8942E80C-0A2F-4AF0-B73F-1E126BF394E1}.Debug|Any CPU.ActiveCfg = Debug|Any CPU
		{8942E80C-0A2F-4AF0-B73F-1E126BF394E1}.Debug|Any CPU.Build.0 = Debug|Any CPU
		{8942E80C-0A2F-4AF0-B73F-1E126BF394E1}.Release|Any CPU.ActiveCfg = Release|Any CPU
		{8942E80C-0A2F-4AF0-B73F-1E126BF394E1}.Release|Any CPU.Build.0 = Release|Any CPU
	EndGlobalSection
	GlobalSection(SolutionProperties) = preSolution
		HideSolutionNode = FALSE
	EndGlobalSection
EndGlobal
